// !$*UTF8*$!
{
	archiveVersion = 1;
	classes = {
	};
	objectVersion = 54;
	objects = {

/* Begin PBXBuildFile section */
		181494FC2CA5498100649A7E /* HomeUsersCVC.swift in Sources */ = {isa = PBXBuildFile; fileRef = 181494FA2CA5498100649A7E /* HomeUsersCVC.swift */; };
		181494FD2CA5498100649A7E /* HomeUsersCVC.xib in Resources */ = {isa = PBXBuildFile; fileRef = 181494FB2CA5498100649A7E /* HomeUsersCVC.xib */; };
		181495022CA54C3600649A7E /* HomeProductTVC.swift in Sources */ = {isa = PBXBuildFile; fileRef = 181495002CA54C3600649A7E /* HomeProductTVC.swift */; };
		181495032CA54C3600649A7E /* HomeProductTVC.xib in Resources */ = {isa = PBXBuildFile; fileRef = 181495012CA54C3600649A7E /* HomeProductTVC.xib */; };
		1814950C2CA5520D00649A7E /* ProductListCVC.swift in Sources */ = {isa = PBXBuildFile; fileRef = 1814950A2CA5520D00649A7E /* ProductListCVC.swift */; };
		1814950D2CA5520D00649A7E /* ProductListCVC.xib in Resources */ = {isa = PBXBuildFile; fileRef = 1814950B2CA5520D00649A7E /* ProductListCVC.xib */; };
		181495122CA57E7B00649A7E /* UserDataModel.swift in Sources */ = {isa = PBXBuildFile; fileRef = 181495112CA57E7B00649A7E /* UserDataModel.swift */; };
		182866672CA3DCA70084F96E /* LoginVC.swift in Sources */ = {isa = PBXBuildFile; fileRef = 182866662CA3DCA70084F96E /* LoginVC.swift */; };
		182866692CA3DCBC0084F96E /* SignUpVC.swift in Sources */ = {isa = PBXBuildFile; fileRef = 182866682CA3DCBC0084F96E /* SignUpVC.swift */; };
		1828666B2CA3DCD60084F96E /* TabBarVC.swift in Sources */ = {isa = PBXBuildFile; fileRef = 1828666A2CA3DCD60084F96E /* TabBarVC.swift */; };
		1828666D2CA3DCEB0084F96E /* HomeVC.swift in Sources */ = {isa = PBXBuildFile; fileRef = 1828666C2CA3DCEB0084F96E /* HomeVC.swift */; };
		1828666F2CA3DCFE0084F96E /* ProductListVC.swift in Sources */ = {isa = PBXBuildFile; fileRef = 1828666E2CA3DCFE0084F96E /* ProductListVC.swift */; };
		1854496D2CA443E8009C7E82 /* ViewModel.swift in Sources */ = {isa = PBXBuildFile; fileRef = 1854496C2CA443E8009C7E82 /* ViewModel.swift */; };
		1854496F2CA443F2009C7E82 /* Model.swift in Sources */ = {isa = PBXBuildFile; fileRef = 1854496E2CA443F2009C7E82 /* Model.swift */; };
		187AD6C72CA3D587000139B5 /* Alamofire in Frameworks */ = {isa = PBXBuildFile; productRef = 187AD6C62CA3D587000139B5 /* Alamofire */; };
		18AB0CF32CA3CF420075F568 /* AppDelegate.swift in Sources */ = {isa = PBXBuildFile; fileRef = 18AB0CF22CA3CF420075F568 /* AppDelegate.swift */; };
		18AB0CF52CA3CF420075F568 /* SceneDelegate.swift in Sources */ = {isa = PBXBuildFile; fileRef = 18AB0CF42CA3CF420075F568 /* SceneDelegate.swift */; };
		18AB0CFA2CA3CF420075F568 /* Base in Resources */ = {isa = PBXBuildFile; fileRef = 18AB0CF92CA3CF420075F568 /* Base */; };
		18AB0CFC2CA3CF430075F568 /* Assets.xcassets in Resources */ = {isa = PBXBuildFile; fileRef = 18AB0CFB2CA3CF430075F568 /* Assets.xcassets */; };
		18AB0CFF2CA3CF430075F568 /* Base in Resources */ = {isa = PBXBuildFile; fileRef = 18AB0CFE2CA3CF430075F568 /* Base */; };
		18AB0D132CA3D3110075F568 /* ApIHelper.swift in Sources */ = {isa = PBXBuildFile; fileRef = 18AB0D122CA3D3110075F568 /* ApIHelper.swift */; };
		18AB0D152CA3D3200075F568 /* AppConstants.swift in Sources */ = {isa = PBXBuildFile; fileRef = 18AB0D142CA3D3200075F568 /* AppConstants.swift */; };
		18AB0D172CA3D32D0075F568 /* AppUtility.swift in Sources */ = {isa = PBXBuildFile; fileRef = 18AB0D162CA3D32D0075F568 /* AppUtility.swift */; };
		18BD52F52CA3EB1D00096AE0 /* CategoryListVC.swift in Sources */ = {isa = PBXBuildFile; fileRef = 18BD52F42CA3EB1D00096AE0 /* CategoryListVC.swift */; };
		18BD52F72CA3EB3200096AE0 /* UsersListVC.swift in Sources */ = {isa = PBXBuildFile; fileRef = 18BD52F62CA3EB3200096AE0 /* UsersListVC.swift */; };
		18BD52F92CA3F35500096AE0 /* UIStoryboard + Extenstions.swift in Sources */ = {isa = PBXBuildFile; fileRef = 18BD52F82CA3F35500096AE0 /* UIStoryboard + Extenstions.swift */; };
		18C5A0AB2CA581B900263C10 /* IQKeyboardManagerSwift in Frameworks */ = {isa = PBXBuildFile; productRef = 18C5A0AA2CA581B900263C10 /* IQKeyboardManagerSwift */; };
		18C5A0AF2CA582A200263C10 /* AppGlobleMethod.swift in Sources */ = {isa = PBXBuildFile; fileRef = 18C5A0AE2CA582A200263C10 /* AppGlobleMethod.swift */; };
		18C5A0B22CA582CE00263C10 /* AppColors.swift in Sources */ = {isa = PBXBuildFile; fileRef = 18C5A0B12CA582CE00263C10 /* AppColors.swift */; };
		18C5A0B42CA5938000263C10 /* UsersViewModel.swift in Sources */ = {isa = PBXBuildFile; fileRef = 18C5A0B32CA5938000263C10 /* UsersViewModel.swift */; };
/* End PBXBuildFile section */

/* Begin PBXCopyFilesBuildPhase section */
		18AB0D1E2CA3D4BC0075F568 /* Embed Frameworks */ = {
			isa = PBXCopyFilesBuildPhase;
			buildActionMask = 2147483647;
			dstPath = "";
			dstSubfolderSpec = 10;
			files = (
			);
			name = "Embed Frameworks";
			runOnlyForDeploymentPostprocessing = 0;
		};
/* End PBXCopyFilesBuildPhase section */

/* Begin PBXFileReference section */
		181494FA2CA5498100649A7E /* HomeUsersCVC.swift */ = {isa = PBXFileReference; lastKnownFileType = sourcecode.swift; path = HomeUsersCVC.swift; sourceTree = "<group>"; };
		181494FB2CA5498100649A7E /* HomeUsersCVC.xib */ = {isa = PBXFileReference; lastKnownFileType = file.xib; path = HomeUsersCVC.xib; sourceTree = "<group>"; };
		181495002CA54C3600649A7E /* HomeProductTVC.swift */ = {isa = PBXFileReference; lastKnownFileType = sourcecode.swift; path = HomeProductTVC.swift; sourceTree = "<group>"; };
		181495012CA54C3600649A7E /* HomeProductTVC.xib */ = {isa = PBXFileReference; lastKnownFileType = file.xib; path = HomeProductTVC.xib; sourceTree = "<group>"; };
		1814950A2CA5520D00649A7E /* ProductListCVC.swift */ = {isa = PBXFileReference; lastKnownFileType = sourcecode.swift; path = ProductListCVC.swift; sourceTree = "<group>"; };
		1814950B2CA5520D00649A7E /* ProductListCVC.xib */ = {isa = PBXFileReference; lastKnownFileType = file.xib; path = ProductListCVC.xib; sourceTree = "<group>"; };
		181495112CA57E7B00649A7E /* UserDataModel.swift */ = {isa = PBXFileReference; lastKnownFileType = sourcecode.swift; path = UserDataModel.swift; sourceTree = "<group>"; };
		182866662CA3DCA70084F96E /* LoginVC.swift */ = {isa = PBXFileReference; lastKnownFileType = sourcecode.swift; path = LoginVC.swift; sourceTree = "<group>"; };
		182866682CA3DCBC0084F96E /* SignUpVC.swift */ = {isa = PBXFileReference; lastKnownFileType = sourcecode.swift; path = SignUpVC.swift; sourceTree = "<group>"; };
		1828666A2CA3DCD60084F96E /* TabBarVC.swift */ = {isa = PBXFileReference; lastKnownFileType = sourcecode.swift; path = TabBarVC.swift; sourceTree = "<group>"; };
		1828666C2CA3DCEB0084F96E /* HomeVC.swift */ = {isa = PBXFileReference; lastKnownFileType = sourcecode.swift; path = HomeVC.swift; sourceTree = "<group>"; };
		1828666E2CA3DCFE0084F96E /* ProductListVC.swift */ = {isa = PBXFileReference; lastKnownFileType = sourcecode.swift; path = ProductListVC.swift; sourceTree = "<group>"; };
		1854496C2CA443E8009C7E82 /* ViewModel.swift */ = {isa = PBXFileReference; lastKnownFileType = sourcecode.swift; path = ViewModel.swift; sourceTree = "<group>"; };
		1854496E2CA443F2009C7E82 /* Model.swift */ = {isa = PBXFileReference; lastKnownFileType = sourcecode.swift; path = Model.swift; sourceTree = "<group>"; };
		18AB0CEF2CA3CF420075F568 /* EcommerceMVVMDemo.app */ = {isa = PBXFileReference; explicitFileType = wrapper.application; includeInIndex = 0; path = EcommerceMVVMDemo.app; sourceTree = BUILT_PRODUCTS_DIR; };
		18AB0CF22CA3CF420075F568 /* AppDelegate.swift */ = {isa = PBXFileReference; lastKnownFileType = sourcecode.swift; path = AppDelegate.swift; sourceTree = "<group>"; };
		18AB0CF42CA3CF420075F568 /* SceneDelegate.swift */ = {isa = PBXFileReference; lastKnownFileType = sourcecode.swift; path = SceneDelegate.swift; sourceTree = "<group>"; };
		18AB0CF92CA3CF420075F568 /* Base */ = {isa = PBXFileReference; lastKnownFileType = file.storyboard; name = Base; path = Base.lproj/Main.storyboard; sourceTree = "<group>"; };
		18AB0CFB2CA3CF430075F568 /* Assets.xcassets */ = {isa = PBXFileReference; lastKnownFileType = folder.assetcatalog; path = Assets.xcassets; sourceTree = "<group>"; };
		18AB0CFE2CA3CF430075F568 /* Base */ = {isa = PBXFileReference; lastKnownFileType = file.storyboard; name = Base; path = Base.lproj/LaunchScreen.storyboard; sourceTree = "<group>"; };
		18AB0D002CA3CF430075F568 /* Info.plist */ = {isa = PBXFileReference; lastKnownFileType = text.plist.xml; path = Info.plist; sourceTree = "<group>"; };
		18AB0D122CA3D3110075F568 /* ApIHelper.swift */ = {isa = PBXFileReference; lastKnownFileType = sourcecode.swift; path = ApIHelper.swift; sourceTree = "<group>"; };
		18AB0D142CA3D3200075F568 /* AppConstants.swift */ = {isa = PBXFileReference; lastKnownFileType = sourcecode.swift; path = AppConstants.swift; sourceTree = "<group>"; };
		18AB0D162CA3D32D0075F568 /* AppUtility.swift */ = {isa = PBXFileReference; lastKnownFileType = sourcecode.swift; path = AppUtility.swift; sourceTree = "<group>"; };
		18BD52F42CA3EB1D00096AE0 /* CategoryListVC.swift */ = {isa = PBXFileReference; lastKnownFileType = sourcecode.swift; path = CategoryListVC.swift; sourceTree = "<group>"; };
		18BD52F62CA3EB3200096AE0 /* UsersListVC.swift */ = {isa = PBXFileReference; lastKnownFileType = sourcecode.swift; path = UsersListVC.swift; sourceTree = "<group>"; };
		18BD52F82CA3F35500096AE0 /* UIStoryboard + Extenstions.swift */ = {isa = PBXFileReference; lastKnownFileType = sourcecode.swift; path = "UIStoryboard + Extenstions.swift"; sourceTree = "<group>"; };
		18C5A0AE2CA582A200263C10 /* AppGlobleMethod.swift */ = {isa = PBXFileReference; lastKnownFileType = sourcecode.swift; path = AppGlobleMethod.swift; sourceTree = "<group>"; };
		18C5A0B12CA582CE00263C10 /* AppColors.swift */ = {isa = PBXFileReference; lastKnownFileType = sourcecode.swift; path = AppColors.swift; sourceTree = "<group>"; };
		18C5A0B32CA5938000263C10 /* UsersViewModel.swift */ = {isa = PBXFileReference; lastKnownFileType = sourcecode.swift; path = UsersViewModel.swift; sourceTree = "<group>"; };
/* End PBXFileReference section */

/* Begin PBXFrameworksBuildPhase section */
		18AB0CEC2CA3CF420075F568 /* Frameworks */ = {
			isa = PBXFrameworksBuildPhase;
			buildActionMask = 2147483647;
			files = (
				187AD6C72CA3D587000139B5 /* Alamofire in Frameworks */,
				18C5A0AB2CA581B900263C10 /* IQKeyboardManagerSwift in Frameworks */,
			);
			runOnlyForDeploymentPostprocessing = 0;
		};
/* End PBXFrameworksBuildPhase section */

/* Begin PBXGroup section */
		181494F92CA5494500649A7E /* CustomCell */ = {
			isa = PBXGroup;
			children = (
				181494FF2CA54C0D00649A7E /* TableviewCell */,
				181494FE2CA54BF600649A7E /* CollectionCell */,
			);
			path = CustomCell;
			sourceTree = "<group>";
		};
		181494FE2CA54BF600649A7E /* CollectionCell */ = {
			isa = PBXGroup;
			children = (
				181494FA2CA5498100649A7E /* HomeUsersCVC.swift */,
				181494FB2CA5498100649A7E /* HomeUsersCVC.xib */,
			);
			path = CollectionCell;
			sourceTree = "<group>";
		};
		181494FF2CA54C0D00649A7E /* TableviewCell */ = {
			isa = PBXGroup;
			children = (
				181495002CA54C3600649A7E /* HomeProductTVC.swift */,
				181495012CA54C3600649A7E /* HomeProductTVC.xib */,
			);
			path = TableviewCell;
			sourceTree = "<group>";
		};
		181495042CA5519E00649A7E /* TableviewCell */ = {
			isa = PBXGroup;
			children = (
			);
			path = TableviewCell;
			sourceTree = "<group>";
		};
		181495092CA551E600649A7E /* CollectionviewCell */ = {
			isa = PBXGroup;
			children = (
				1814950A2CA5520D00649A7E /* ProductListCVC.swift */,
				1814950B2CA5520D00649A7E /* ProductListCVC.xib */,
			);
			path = CollectionviewCell;
			sourceTree = "<group>";
		};
		1814950E2CA57E5500649A7E /* Model */ = {
			isa = PBXGroup;
			children = (
				181495112CA57E7B00649A7E /* UserDataModel.swift */,
			);
			path = Model;
			sourceTree = "<group>";
		};
		1814950F2CA57E5900649A7E /* ViewModel */ = {
			isa = PBXGroup;
			children = (
				18C5A0B32CA5938000263C10 /* UsersViewModel.swift */,
			);
			path = ViewModel;
			sourceTree = "<group>";
		};
		181495102CA57E6000649A7E /* View */ = {
			isa = PBXGroup;
			children = (
				18BD52F62CA3EB3200096AE0 /* UsersListVC.swift */,
			);
			path = View;
			sourceTree = "<group>";
		};
		182866572CA3DB2E0084F96E /* TabBarVC */ = {
			isa = PBXGroup;
			children = (
				1828666A2CA3DCD60084F96E /* TabBarVC.swift */,
			);
			path = TabBarVC;
			sourceTree = "<group>";
		};
		182866582CA3DB430084F96E /* LoginVC */ = {
			isa = PBXGroup;
			children = (
				182866662CA3DCA70084F96E /* LoginVC.swift */,
			);
			path = LoginVC;
			sourceTree = "<group>";
		};
		182866592CA3DB490084F96E /* SignUpVC */ = {
			isa = PBXGroup;
			children = (
				182866682CA3DCBC0084F96E /* SignUpVC.swift */,
			);
			path = SignUpVC;
			sourceTree = "<group>";
		};
		1828665A2CA3DB520084F96E /* Home */ = {
			isa = PBXGroup;
			children = (
				181494F92CA5494500649A7E /* CustomCell */,
				1828666C2CA3DCEB0084F96E /* HomeVC.swift */,
			);
			path = Home;
			sourceTree = "<group>";
		};
		1828665B2CA3DB610084F96E /* Product */ = {
			isa = PBXGroup;
			children = (
				185449692CA443BE009C7E82 /* Model */,
				1854496A2CA443C3009C7E82 /* ViewModel */,
				1854496B2CA443C8009C7E82 /* View */,
			);
			path = Product;
			sourceTree = "<group>";
		};
		1828665C2CA3DB6A0084F96E /* Cart */ = {
			isa = PBXGroup;
			children = (
			);
			path = Cart;
			sourceTree = "<group>";
		};
		1828665D2CA3DB740084F96E /* CategoryListVC */ = {
			isa = PBXGroup;
			children = (
				18BD52F42CA3EB1D00096AE0 /* CategoryListVC.swift */,
			);
			path = CategoryListVC;
			sourceTree = "<group>";
		};
		1828665E2CA3DB820084F96E /* Users */ = {
			isa = PBXGroup;
			children = (
				1814950E2CA57E5500649A7E /* Model */,
				1814950F2CA57E5900649A7E /* ViewModel */,
				181495102CA57E6000649A7E /* View */,
			);
			path = Users;
			sourceTree = "<group>";
		};
		1828665F2CA3DB880084F96E /* Profile */ = {
			isa = PBXGroup;
			children = (
			);
			path = Profile;
			sourceTree = "<group>";
		};
		182866602CA3DBA40084F96E /* Post */ = {
			isa = PBXGroup;
			children = (
			);
			path = Post;
			sourceTree = "<group>";
		};
		182866612CA3DBAC0084F96E /* Comments */ = {
			isa = PBXGroup;
			children = (
			);
			path = Comments;
			sourceTree = "<group>";
		};
		182866622CA3DBDA0084F96E /* Recipes */ = {
			isa = PBXGroup;
			children = (
			);
			path = Recipes;
			sourceTree = "<group>";
		};
		182866632CA3DBF10084F96E /* Quotes */ = {
			isa = PBXGroup;
			children = (
			);
			path = Quotes;
			sourceTree = "<group>";
		};
		182866642CA3DBFF0084F96E /* TODO */ = {
			isa = PBXGroup;
			children = (
			);
			path = TODO;
			sourceTree = "<group>";
		};
		182866652CA3DC210084F96E /* Authentication */ = {
			isa = PBXGroup;
			children = (
				182866592CA3DB490084F96E /* SignUpVC */,
				182866582CA3DB430084F96E /* LoginVC */,
			);
			path = Authentication;
			sourceTree = "<group>";
		};
		185449692CA443BE009C7E82 /* Model */ = {
			isa = PBXGroup;
			children = (
				1854496E2CA443F2009C7E82 /* Model.swift */,
			);
			path = Model;
			sourceTree = "<group>";
		};
		1854496A2CA443C3009C7E82 /* ViewModel */ = {
			isa = PBXGroup;
			children = (
				1854496C2CA443E8009C7E82 /* ViewModel.swift */,
			);
			path = ViewModel;
			sourceTree = "<group>";
		};
		1854496B2CA443C8009C7E82 /* View */ = {
			isa = PBXGroup;
			children = (
				181495092CA551E600649A7E /* CollectionviewCell */,
				181495042CA5519E00649A7E /* TableviewCell */,
				1828666E2CA3DCFE0084F96E /* ProductListVC.swift */,
			);
			path = View;
			sourceTree = "<group>";
		};
		18AB0CE62CA3CF420075F568 = {
			isa = PBXGroup;
			children = (
				18AB0CF12CA3CF420075F568 /* EcommerceMVVMDemo */,
				18AB0CF02CA3CF420075F568 /* Products */,
			);
			sourceTree = "<group>";
		};
		18AB0CF02CA3CF420075F568 /* Products */ = {
			isa = PBXGroup;
			children = (
				18AB0CEF2CA3CF420075F568 /* EcommerceMVVMDemo.app */,
			);
			name = Products;
			sourceTree = "<group>";
		};
		18AB0CF12CA3CF420075F568 /* EcommerceMVVMDemo */ = {
			isa = PBXGroup;
			children = (
				18AB0D0E2CA3CFC50075F568 /* Application */,
				18C5A0AD2CA5826F00263C10 /* AppCommon */,
				18AB0D0C2CA3CFC00075F568 /* AppExtensions */,
				18AB0D0B2CA3CFBE0075F568 /* AppUtility */,
				18AB0D0A2CA3CFBC0075F568 /* Helper */,
				18AB0D092CA3CFB40075F568 /* Screens */,
				18AB0D082CA3CFB20075F568 /* Storyboard */,
				18AB0D072CA3CFB00075F568 /* Resources */,
				18AB0D112CA3D0300075F568 /* ReadmeFile */,
				18AB0D002CA3CF430075F568 /* Info.plist */,
			);
			path = EcommerceMVVMDemo;
			sourceTree = "<group>";
		};
		18AB0D072CA3CFB00075F568 /* Resources */ = {
			isa = PBXGroup;
			children = (
				18AB0D102CA3D0280075F568 /* Assets */,
				18AB0D0F2CA3D0230075F568 /* Fonts */,
			);
			path = Resources;
			sourceTree = "<group>";
		};
		18AB0D082CA3CFB20075F568 /* Storyboard */ = {
			isa = PBXGroup;
			children = (
				18AB0CF82CA3CF420075F568 /* Main.storyboard */,
				18AB0CFD2CA3CF430075F568 /* LaunchScreen.storyboard */,
			);
			path = Storyboard;
			sourceTree = "<group>";
		};
		18AB0D092CA3CFB40075F568 /* Screens */ = {
			isa = PBXGroup;
			children = (
				182866652CA3DC210084F96E /* Authentication */,
				182866572CA3DB2E0084F96E /* TabBarVC */,
				1828665A2CA3DB520084F96E /* Home */,
				1828665B2CA3DB610084F96E /* Product */,
				1828665E2CA3DB820084F96E /* Users */,
				1828665D2CA3DB740084F96E /* CategoryListVC */,
				1828665C2CA3DB6A0084F96E /* Cart */,
				182866642CA3DBFF0084F96E /* TODO */,
				182866632CA3DBF10084F96E /* Quotes */,
				182866622CA3DBDA0084F96E /* Recipes */,
				182866612CA3DBAC0084F96E /* Comments */,
				182866602CA3DBA40084F96E /* Post */,
				1828665F2CA3DB880084F96E /* Profile */,
			);
			path = Screens;
			sourceTree = "<group>";
		};
		18AB0D0A2CA3CFBC0075F568 /* Helper */ = {
			isa = PBXGroup;
			children = (
				18AB0D122CA3D3110075F568 /* ApIHelper.swift */,
			);
			path = Helper;
			sourceTree = "<group>";
		};
		18AB0D0B2CA3CFBE0075F568 /* AppUtility */ = {
			isa = PBXGroup;
			children = (
				18AB0D162CA3D32D0075F568 /* AppUtility.swift */,
			);
			path = AppUtility;
			sourceTree = "<group>";
		};
		18AB0D0C2CA3CFC00075F568 /* AppExtensions */ = {
			isa = PBXGroup;
			children = (
				18BD52F82CA3F35500096AE0 /* UIStoryboard + Extenstions.swift */,
			);
			path = AppExtensions;
			sourceTree = "<group>";
		};
		18AB0D0E2CA3CFC50075F568 /* Application */ = {
			isa = PBXGroup;
			children = (
				18AB0CF22CA3CF420075F568 /* AppDelegate.swift */,
				18AB0CF42CA3CF420075F568 /* SceneDelegate.swift */,
			);
			path = Application;
			sourceTree = "<group>";
		};
		18AB0D0F2CA3D0230075F568 /* Fonts */ = {
			isa = PBXGroup;
			children = (
			);
			path = Fonts;
			sourceTree = "<group>";
		};
		18AB0D102CA3D0280075F568 /* Assets */ = {
			isa = PBXGroup;
			children = (
				18AB0CFB2CA3CF430075F568 /* Assets.xcassets */,
			);
			path = Assets;
			sourceTree = "<group>";
		};
		18AB0D112CA3D0300075F568 /* ReadmeFile */ = {
			isa = PBXGroup;
			children = (
			);
			path = ReadmeFile;
			sourceTree = "<group>";
		};
		18C5A0AD2CA5826F00263C10 /* AppCommon */ = {
			isa = PBXGroup;
			children = (
				18AB0D142CA3D3200075F568 /* AppConstants.swift */,
				18C5A0AE2CA582A200263C10 /* AppGlobleMethod.swift */,
				18C5A0B12CA582CE00263C10 /* AppColors.swift */,
			);
			path = AppCommon;
			sourceTree = "<group>";
		};
/* End PBXGroup section */

/* Begin PBXNativeTarget section */
		18AB0CEE2CA3CF420075F568 /* EcommerceMVVMDemo */ = {
			isa = PBXNativeTarget;
			buildConfigurationList = 18AB0D032CA3CF440075F568 /* Build configuration list for PBXNativeTarget "EcommerceMVVMDemo" */;
			buildPhases = (
				18AB0CEB2CA3CF420075F568 /* Sources */,
				18AB0CEC2CA3CF420075F568 /* Frameworks */,
				18AB0CED2CA3CF420075F568 /* Resources */,
				18AB0D1E2CA3D4BC0075F568 /* Embed Frameworks */,
			);
			buildRules = (
			);
			dependencies = (
			);
			name = EcommerceMVVMDemo;
			packageProductDependencies = (
				187AD6C62CA3D587000139B5 /* Alamofire */,
				18C5A0AA2CA581B900263C10 /* IQKeyboardManagerSwift */,
			);
			productName = EcommerceMVVMDemo;
			productReference = 18AB0CEF2CA3CF420075F568 /* EcommerceMVVMDemo.app */;
			productType = "com.apple.product-type.application";
		};
/* End PBXNativeTarget section */

/* Begin PBXProject section */
		18AB0CE72CA3CF420075F568 /* Project object */ = {
			isa = PBXProject;
			attributes = {
				BuildIndependentTargetsInParallel = 1;
				LastSwiftUpdateCheck = 1540;
				LastUpgradeCheck = 1540;
				TargetAttributes = {
					18AB0CEE2CA3CF420075F568 = {
						CreatedOnToolsVersion = 15.4;
					};
				};
			};
			buildConfigurationList = 18AB0CEA2CA3CF420075F568 /* Build configuration list for PBXProject "EcommerceMVVMDemo" */;
			compatibilityVersion = "Xcode 12.0";
			developmentRegion = en;
			hasScannedForEncodings = 0;
			knownRegions = (
				en,
				Base,
			);
			mainGroup = 18AB0CE62CA3CF420075F568;
			packageReferences = (
				18AB0D182CA3D4930075F568 /* XCRemoteSwiftPackageReference "Alamofire" */,
				18C5A0A92CA581B900263C10 /* XCRemoteSwiftPackageReference "IQKeyboardManager" */,
			);
			productRefGroup = 18AB0CF02CA3CF420075F568 /* Products */;
			projectDirPath = "";
			projectRoot = "";
			targets = (
				18AB0CEE2CA3CF420075F568 /* EcommerceMVVMDemo */,
			);
		};
/* End PBXProject section */

/* Begin PBXResourcesBuildPhase section */
		18AB0CED2CA3CF420075F568 /* Resources */ = {
			isa = PBXResourcesBuildPhase;
			buildActionMask = 2147483647;
			files = (
				181494FD2CA5498100649A7E /* HomeUsersCVC.xib in Resources */,
				18AB0CFC2CA3CF430075F568 /* Assets.xcassets in Resources */,
				181495032CA54C3600649A7E /* HomeProductTVC.xib in Resources */,
				18AB0CFF2CA3CF430075F568 /* Base in Resources */,
				1814950D2CA5520D00649A7E /* ProductListCVC.xib in Resources */,
				18AB0CFA2CA3CF420075F568 /* Base in Resources */,
			);
			runOnlyForDeploymentPostprocessing = 0;
		};
/* End PBXResourcesBuildPhase section */

/* Begin PBXSourcesBuildPhase section */
		18AB0CEB2CA3CF420075F568 /* Sources */ = {
			isa = PBXSourcesBuildPhase;
			buildActionMask = 2147483647;
			files = (
				1854496F2CA443F2009C7E82 /* Model.swift in Sources */,
				1828666F2CA3DCFE0084F96E /* ProductListVC.swift in Sources */,
				182866692CA3DCBC0084F96E /* SignUpVC.swift in Sources */,
				18AB0D172CA3D32D0075F568 /* AppUtility.swift in Sources */,
				181494FC2CA5498100649A7E /* HomeUsersCVC.swift in Sources */,
				18BD52F52CA3EB1D00096AE0 /* CategoryListVC.swift in Sources */,
				18BD52F92CA3F35500096AE0 /* UIStoryboard + Extenstions.swift in Sources */,
				18AB0CF32CA3CF420075F568 /* AppDelegate.swift in Sources */,
				1854496D2CA443E8009C7E82 /* ViewModel.swift in Sources */,
				1828666D2CA3DCEB0084F96E /* HomeVC.swift in Sources */,
				182866672CA3DCA70084F96E /* LoginVC.swift in Sources */,
				18C5A0B42CA5938000263C10 /* UsersViewModel.swift in Sources */,
				18BD52F72CA3EB3200096AE0 /* UsersListVC.swift in Sources */,
				1814950C2CA5520D00649A7E /* ProductListCVC.swift in Sources */,
				18AB0CF52CA3CF420075F568 /* SceneDelegate.swift in Sources */,
				18AB0D132CA3D3110075F568 /* ApIHelper.swift in Sources */,
				18C5A0AF2CA582A200263C10 /* AppGlobleMethod.swift in Sources */,
				181495122CA57E7B00649A7E /* UserDataModel.swift in Sources */,
				1828666B2CA3DCD60084F96E /* TabBarVC.swift in Sources */,
				18C5A0B22CA582CE00263C10 /* AppColors.swift in Sources */,
				18AB0D152CA3D3200075F568 /* AppConstants.swift in Sources */,
				181495022CA54C3600649A7E /* HomeProductTVC.swift in Sources */,
			);
			runOnlyForDeploymentPostprocessing = 0;
		};
/* End PBXSourcesBuildPhase section */

/* Begin PBXVariantGroup section */
		18AB0CF82CA3CF420075F568 /* Main.storyboard */ = {
			isa = PBXVariantGroup;
			children = (
				18AB0CF92CA3CF420075F568 /* Base */,
			);
			name = Main.storyboard;
			sourceTree = "<group>";
		};
		18AB0CFD2CA3CF430075F568 /* LaunchScreen.storyboard */ = {
			isa = PBXVariantGroup;
			children = (
				18AB0CFE2CA3CF430075F568 /* Base */,
			);
			name = LaunchScreen.storyboard;
			sourceTree = "<group>";
		};
/* End PBXVariantGroup section */

/* Begin XCBuildConfiguration section */
		18AB0D012CA3CF430075F568 /* Debug */ = {
			isa = XCBuildConfiguration;
			buildSettings = {
				ALWAYS_SEARCH_USER_PATHS = NO;
				ASSETCATALOG_COMPILER_GENERATE_SWIFT_ASSET_SYMBOL_EXTENSIONS = YES;
				CLANG_ANALYZER_NONNULL = YES;
				CLANG_ANALYZER_NUMBER_OBJECT_CONVERSION = YES_AGGRESSIVE;
				CLANG_CXX_LANGUAGE_STANDARD = "gnu++20";
				CLANG_ENABLE_MODULES = YES;
				CLANG_ENABLE_OBJC_ARC = YES;
				CLANG_ENABLE_OBJC_WEAK = YES;
				CLANG_WARN_BLOCK_CAPTURE_AUTORELEASING = YES;
				CLANG_WARN_BOOL_CONVERSION = YES;
				CLANG_WARN_COMMA = YES;
				CLANG_WARN_CONSTANT_CONVERSION = YES;
				CLANG_WARN_DEPRECATED_OBJC_IMPLEMENTATIONS = YES;
				CLANG_WARN_DIRECT_OBJC_ISA_USAGE = YES_ERROR;
				CLANG_WARN_DOCUMENTATION_COMMENTS = YES;
				CLANG_WARN_EMPTY_BODY = YES;
				CLANG_WARN_ENUM_CONVERSION = YES;
				CLANG_WARN_INFINITE_RECURSION = YES;
				CLANG_WARN_INT_CONVERSION = YES;
				CLANG_WARN_NON_LITERAL_NULL_CONVERSION = YES;
				CLANG_WARN_OBJC_IMPLICIT_RETAIN_SELF = YES;
				CLANG_WARN_OBJC_LITERAL_CONVERSION = YES;
				CLANG_WARN_OBJC_ROOT_CLASS = YES_ERROR;
				CLANG_WARN_QUOTED_INCLUDE_IN_FRAMEWORK_HEADER = YES;
				CLANG_WARN_RANGE_LOOP_ANALYSIS = YES;
				CLANG_WARN_STRICT_PROTOTYPES = YES;
				CLANG_WARN_SUSPICIOUS_MOVE = YES;
				CLANG_WARN_UNGUARDED_AVAILABILITY = YES_AGGRESSIVE;
				CLANG_WARN_UNREACHABLE_CODE = YES;
				CLANG_WARN__DUPLICATE_METHOD_MATCH = YES;
				COPY_PHASE_STRIP = NO;
				DEBUG_INFORMATION_FORMAT = dwarf;
				ENABLE_STRICT_OBJC_MSGSEND = YES;
				ENABLE_TESTABILITY = YES;
				ENABLE_USER_SCRIPT_SANDBOXING = YES;
				GCC_C_LANGUAGE_STANDARD = gnu17;
				GCC_DYNAMIC_NO_PIC = NO;
				GCC_NO_COMMON_BLOCKS = YES;
				GCC_OPTIMIZATION_LEVEL = 0;
				GCC_PREPROCESSOR_DEFINITIONS = (
					"DEBUG=1",
					"$(inherited)",
				);
				GCC_WARN_64_TO_32_BIT_CONVERSION = YES;
				GCC_WARN_ABOUT_RETURN_TYPE = YES_ERROR;
				GCC_WARN_UNDECLARED_SELECTOR = YES;
				GCC_WARN_UNINITIALIZED_AUTOS = YES_AGGRESSIVE;
				GCC_WARN_UNUSED_FUNCTION = YES;
				GCC_WARN_UNUSED_VARIABLE = YES;
				IPHONEOS_DEPLOYMENT_TARGET = 17.5;
				LOCALIZATION_PREFERS_STRING_CATALOGS = YES;
				MTL_ENABLE_DEBUG_INFO = INCLUDE_SOURCE;
				MTL_FAST_MATH = YES;
				ONLY_ACTIVE_ARCH = YES;
				SDKROOT = iphoneos;
				SWIFT_ACTIVE_COMPILATION_CONDITIONS = "DEBUG $(inherited)";
				SWIFT_OPTIMIZATION_LEVEL = "-Onone";
			};
			name = Debug;
		};
		18AB0D022CA3CF430075F568 /* Release */ = {
			isa = XCBuildConfiguration;
			buildSettings = {
				ALWAYS_SEARCH_USER_PATHS = NO;
				ASSETCATALOG_COMPILER_GENERATE_SWIFT_ASSET_SYMBOL_EXTENSIONS = YES;
				CLANG_ANALYZER_NONNULL = YES;
				CLANG_ANALYZER_NUMBER_OBJECT_CONVERSION = YES_AGGRESSIVE;
				CLANG_CXX_LANGUAGE_STANDARD = "gnu++20";
				CLANG_ENABLE_MODULES = YES;
				CLANG_ENABLE_OBJC_ARC = YES;
				CLANG_ENABLE_OBJC_WEAK = YES;
				CLANG_WARN_BLOCK_CAPTURE_AUTORELEASING = YES;
				CLANG_WARN_BOOL_CONVERSION = YES;
				CLANG_WARN_COMMA = YES;
				CLANG_WARN_CONSTANT_CONVERSION = YES;
				CLANG_WARN_DEPRECATED_OBJC_IMPLEMENTATIONS = YES;
				CLANG_WARN_DIRECT_OBJC_ISA_USAGE = YES_ERROR;
				CLANG_WARN_DOCUMENTATION_COMMENTS = YES;
				CLANG_WARN_EMPTY_BODY = YES;
				CLANG_WARN_ENUM_CONVERSION = YES;
				CLANG_WARN_INFINITE_RECURSION = YES;
				CLANG_WARN_INT_CONVERSION = YES;
				CLANG_WARN_NON_LITERAL_NULL_CONVERSION = YES;
				CLANG_WARN_OBJC_IMPLICIT_RETAIN_SELF = YES;
				CLANG_WARN_OBJC_LITERAL_CONVERSION = YES;
				CLANG_WARN_OBJC_ROOT_CLASS = YES_ERROR;
				CLANG_WARN_QUOTED_INCLUDE_IN_FRAMEWORK_HEADER = YES;
				CLANG_WARN_RANGE_LOOP_ANALYSIS = YES;
				CLANG_WARN_STRICT_PROTOTYPES = YES;
				CLANG_WARN_SUSPICIOUS_MOVE = YES;
				CLANG_WARN_UNGUARDED_AVAILABILITY = YES_AGGRESSIVE;
				CLANG_WARN_UNREACHABLE_CODE = YES;
				CLANG_WARN__DUPLICATE_METHOD_MATCH = YES;
				COPY_PHASE_STRIP = NO;
				DEBUG_INFORMATION_FORMAT = "dwarf-with-dsym";
				ENABLE_NS_ASSERTIONS = NO;
				ENABLE_STRICT_OBJC_MSGSEND = YES;
				ENABLE_USER_SCRIPT_SANDBOXING = YES;
				GCC_C_LANGUAGE_STANDARD = gnu17;
				GCC_NO_COMMON_BLOCKS = YES;
				GCC_WARN_64_TO_32_BIT_CONVERSION = YES;
				GCC_WARN_ABOUT_RETURN_TYPE = YES_ERROR;
				GCC_WARN_UNDECLARED_SELECTOR = YES;
				GCC_WARN_UNINITIALIZED_AUTOS = YES_AGGRESSIVE;
				GCC_WARN_UNUSED_FUNCTION = YES;
				GCC_WARN_UNUSED_VARIABLE = YES;
				IPHONEOS_DEPLOYMENT_TARGET = 17.5;
				LOCALIZATION_PREFERS_STRING_CATALOGS = YES;
				MTL_ENABLE_DEBUG_INFO = NO;
				MTL_FAST_MATH = YES;
				SDKROOT = iphoneos;
				SWIFT_COMPILATION_MODE = wholemodule;
				VALIDATE_PRODUCT = YES;
			};
			name = Release;
		};
		18AB0D042CA3CF440075F568 /* Debug */ = {
			isa = XCBuildConfiguration;
			buildSettings = {
				ASSETCATALOG_COMPILER_APPICON_NAME = AppIcon;
				ASSETCATALOG_COMPILER_GLOBAL_ACCENT_COLOR_NAME = AccentColor;
				CODE_SIGN_STYLE = Automatic;
				CURRENT_PROJECT_VERSION = 1;
				GENERATE_INFOPLIST_FILE = YES;
				INFOPLIST_FILE = EcommerceMVVMDemo/Info.plist;
				INFOPLIST_KEY_CFBundleDisplayName = "Ecommerce APP";
				INFOPLIST_KEY_UIApplicationSupportsIndirectInputEvents = YES;
				INFOPLIST_KEY_UILaunchStoryboardName = LaunchScreen;
				INFOPLIST_KEY_UIMainStoryboardFile = Main;
				INFOPLIST_KEY_UISupportedInterfaceOrientations = UIInterfaceOrientationPortrait;
				IPHONEOS_DEPLOYMENT_TARGET = 13.0;
				LD_RUNPATH_SEARCH_PATHS = (
					"$(inherited)",
					"@executable_path/Frameworks",
				);
				MARKETING_VERSION = 1.0;
				PRODUCT_BUNDLE_IDENTIFIER = com.mvvmtopicsdemo;
				PRODUCT_NAME = "$(TARGET_NAME)";
				SUPPORTED_PLATFORMS = "iphoneos iphonesimulator";
				SUPPORTS_MACCATALYST = NO;
				SUPPORTS_MAC_DESIGNED_FOR_IPHONE_IPAD = NO;
				SUPPORTS_XR_DESIGNED_FOR_IPHONE_IPAD = NO;
				SWIFT_EMIT_LOC_STRINGS = YES;
				SWIFT_VERSION = 5.0;
				TARGETED_DEVICE_FAMILY = "1,2";
			};
			name = Debug;
		};
		18AB0D052CA3CF440075F568 /* Release */ = {
			isa = XCBuildConfiguration;
			buildSettings = {
				ASSETCATALOG_COMPILER_APPICON_NAME = AppIcon;
				ASSETCATALOG_COMPILER_GLOBAL_ACCENT_COLOR_NAME = AccentColor;
				CODE_SIGN_STYLE = Automatic;
				CURRENT_PROJECT_VERSION = 1;
				GENERATE_INFOPLIST_FILE = YES;
				INFOPLIST_FILE = EcommerceMVVMDemo/Info.plist;
				INFOPLIST_KEY_CFBundleDisplayName = "Ecommerce APP";
				INFOPLIST_KEY_UIApplicationSupportsIndirectInputEvents = YES;
				INFOPLIST_KEY_UILaunchStoryboardName = LaunchScreen;
				INFOPLIST_KEY_UIMainStoryboardFile = Main;
				INFOPLIST_KEY_UISupportedInterfaceOrientations = UIInterfaceOrientationPortrait;
				IPHONEOS_DEPLOYMENT_TARGET = 13.0;
				LD_RUNPATH_SEARCH_PATHS = (
					"$(inherited)",
					"@executable_path/Frameworks",
				);
				MARKETING_VERSION = 1.0;
				PRODUCT_BUNDLE_IDENTIFIER = com.mvvmtopicsdemo;
				PRODUCT_NAME = "$(TARGET_NAME)";
				SUPPORTED_PLATFORMS = "iphoneos iphonesimulator";
				SUPPORTS_MACCATALYST = NO;
				SUPPORTS_MAC_DESIGNED_FOR_IPHONE_IPAD = NO;
				SUPPORTS_XR_DESIGNED_FOR_IPHONE_IPAD = NO;
				SWIFT_EMIT_LOC_STRINGS = YES;
				SWIFT_VERSION = 5.0;
				TARGETED_DEVICE_FAMILY = "1,2";
			};
			name = Release;
		};
/* End XCBuildConfiguration section */

/* Begin XCConfigurationList section */
		18AB0CEA2CA3CF420075F568 /* Build configuration list for PBXProject "EcommerceMVVMDemo" */ = {
			isa = XCConfigurationList;
			buildConfigurations = (
				18AB0D012CA3CF430075F568 /* Debug */,
				18AB0D022CA3CF430075F568 /* Release */,
			);
			defaultConfigurationIsVisible = 0;
			defaultConfigurationName = Release;
		};
		18AB0D032CA3CF440075F568 /* Build configuration list for PBXNativeTarget "EcommerceMVVMDemo" */ = {
			isa = XCConfigurationList;
			buildConfigurations = (
				18AB0D042CA3CF440075F568 /* Debug */,
				18AB0D052CA3CF440075F568 /* Release */,
			);
			defaultConfigurationIsVisible = 0;
			defaultConfigurationName = Release;
		};
/* End XCConfigurationList section */

/* Begin XCRemoteSwiftPackageReference section */
		18AB0D182CA3D4930075F568 /* XCRemoteSwiftPackageReference "Alamofire" */ = {
			isa = XCRemoteSwiftPackageReference;
			repositoryURL = "https://github.com/Alamofire/Alamofire.git";
			requirement = {
				kind = upToNextMajorVersion;
				minimumVersion = 5.9.1;
			};
		};
		18C5A0A92CA581B900263C10 /* XCRemoteSwiftPackageReference "IQKeyboardManager" */ = {
			isa = XCRemoteSwiftPackageReference;
			repositoryURL = "https://github.com/hackiftekhar/IQKeyboardManager.git";
			requirement = {
				kind = upToNextMajorVersion;
				minimumVersion = 7.1.1;
			};
		};
/* End XCRemoteSwiftPackageReference section */

/* Begin XCSwiftPackageProductDependency section */
		187AD6C62CA3D587000139B5 /* Alamofire */ = {
			isa = XCSwiftPackageProductDependency;
			package = 18AB0D182CA3D4930075F568 /* XCRemoteSwiftPackageReference "Alamofire" */;
			productName = Alamofire;
		};
		18C5A0AA2CA581B900263C10 /* IQKeyboardManagerSwift */ = {
			isa = XCSwiftPackageProductDependency;
			package = 18C5A0A92CA581B900263C10 /* XCRemoteSwiftPackageReference "IQKeyboardManager" */;
			productName = IQKeyboardManagerSwift;
		};
/* End XCSwiftPackageProductDependency section */
	};
	rootObject = 18AB0CE72CA3CF420075F568 /* Project object */;
}
